<?xml version="1.0" encoding="utf-8"?>
<Project ToolsVersion="4.0" xmlns="http://schemas.microsoft.com/developer/msbuild/2003">
  <ItemGroup>
    <Filter Include="Source Files">
      <UniqueIdentifier>{4FC737F1-C7A5-4376-A066-2A32D752A2FF}</UniqueIdentifier>
      <Extensions>cpp;c;cc;cxx;def;odl;idl;hpj;bat;asm;asmx</Extensions>
    </Filter>
    <Filter Include="Header Files">
      <UniqueIdentifier>{93995380-89BD-4b04-88EB-625FBE52EBFB}</UniqueIdentifier>
      <Extensions>h;hh;hpp;hxx;hm;inl;inc;xsd</Extensions>
    </Filter>
    <Filter Include="Resource Files">
      <UniqueIdentifier>{67DA6AB6-F800-4c08-8B7A-83BB121AAD01}</UniqueIdentifier>
      <Extensions>rc;ico;cur;bmp;dlg;rc2;rct;bin;rgs;gif;jpg;jpeg;jpe;resx;tiff;tif;png;wav;mfcribbon-ms</Extensions>
    </Filter>
    <Filter Include="Source Files\Shaders">
      <UniqueIdentifier>{028a3e78-671b-4ca0-89c0-ba03505d9e31}</UniqueIdentifier>
    </Filter>
    <Filter Include="Source Files\Textures">
      <UniqueIdentifier>{52fea6b4-853b-4692-a958-f5a980e77884}</UniqueIdentifier>
    </Filter>
    <Filter Include="Header Files\Imgui">
      <UniqueIdentifier>{e5dfaca0-b395-4952-a28c-04819ee3fcc3}</UniqueIdentifier>
    </Filter>
    <Filter Include="Source Files\Imgui">
      <UniqueIdentifier>{ee1664be-ebd8-479b-90a5-ae33ff4ef734}</UniqueIdentifier>
    </Filter>
    <Filter Include="Source Files\OBJ">
      <UniqueIdentifier>{31a3cecc-10d1-4b2a-8da0-8e1177deeb88}</UniqueIdentifier>
    </Filter>
    <Filter Include="Source Files\Music">
      <UniqueIdentifier>{472e9780-7857-4063-a839-54a54ae5976d}</UniqueIdentifier>
    </Filter>
  </ItemGroup>
  <ItemGroup>
    <ClCompile Include="Mesh.cpp">
      <Filter>Source Files</Filter>
    </ClCompile>
    <ClCompile Include="Shader.cpp">
      <Filter>Source Files</Filter>
    </ClCompile>
    <ClCompile Include="Texture.cpp">
      <Filter>Source Files</Filter>
    </ClCompile>
    <ClCompile Include="Window.cpp">
      <Filter>Source Files</Filter>
    </ClCompile>
    <ClCompile Include="Camera.cpp">
      <Filter>Source Files</Filter>
    </ClCompile>
    <ClCompile Include="Light.cpp">
      <Filter>Source Files</Filter>
    </ClCompile>
    <ClCompile Include="main.cpp">
      <Filter>Source Files</Filter>
    </ClCompile>
    <ClCompile Include="Material.cpp">
      <Filter>Source Files</Filter>
    </ClCompile>
    <ClCompile Include="imgui_impl_opengl3.cpp">
      <Filter>Source Files\Imgui</Filter>
    </ClCompile>
    <ClCompile Include="imgui_tables.cpp">
      <Filter>Source Files\Imgui</Filter>
    </ClCompile>
    <ClCompile Include="imgui_widgets.cpp">
      <Filter>Source Files\Imgui</Filter>
    </ClCompile>
    <ClCompile Include="imgui.cpp">
      <Filter>Source Files\Imgui</Filter>
    </ClCompile>
    <ClCompile Include="imgui_demo.cpp">
      <Filter>Source Files\Imgui</Filter>
    </ClCompile>
    <ClCompile Include="imgui_draw.cpp">
      <Filter>Source Files\Imgui</Filter>
    </ClCompile>
    <ClCompile Include="imgui_impl_glfw.cpp">
      <Filter>Source Files\Imgui</Filter>
    </ClCompile>
  </ItemGroup>
  <ItemGroup>
    <ClInclude Include="Window.h">
      <Filter>Header Files</Filter>
    </ClInclude>
    <ClInclude Include="stb_image.h">
      <Filter>Header Files</Filter>
    </ClInclude>
    <ClInclude Include="Camera.h">
      <Filter>Header Files</Filter>
    </ClInclude>
    <ClInclude Include="Light.h">
      <Filter>Header Files</Filter>
    </ClInclude>
    <ClInclude Include="Material.h">
      <Filter>Header Files</Filter>
    </ClInclude>
    <ClInclude Include="Mesh.h">
      <Filter>Header Files</Filter>
    </ClInclude>
    <ClInclude Include="Shader.h">
      <Filter>Header Files</Filter>
    </ClInclude>
    <ClInclude Include="Texture.h">
      <Filter>Header Files</Filter>
    </ClInclude>
    <ClInclude Include="imgui_impl_opengl3_loader.h">
      <Filter>Header Files\Imgui</Filter>
    </ClInclude>
    <ClInclude Include="imgui_internal.h">
      <Filter>Header Files\Imgui</Filter>
    </ClInclude>
    <ClInclude Include="imstb_rectpack.h">
      <Filter>Header Files\Imgui</Filter>
    </ClInclude>
    <ClInclude Include="imstb_textedit.h">
      <Filter>Header Files\Imgui</Filter>
    </ClInclude>
    <ClInclude Include="imstb_truetype.h">
      <Filter>Header Files\Imgui</Filter>
    </ClInclude>
    <ClInclude Include="imconfig.h">
      <Filter>Header Files\Imgui</Filter>
    </ClInclude>
    <ClInclude Include="imgui.h">
      <Filter>Header Files\Imgui</Filter>
    </ClInclude>
    <ClInclude Include="imgui_impl_glfw.h">
      <Filter>Header Files\Imgui</Filter>
    </ClInclude>
    <ClInclude Include="imgui_impl_opengl3.h">
      <Filter>Header Files\Imgui</Filter>
    </ClInclude>
  </ItemGroup>
  <ItemGroup>
    <None Include="Shaders\shader.vert">
      <Filter>Source Files\Shaders</Filter>
    </None>
    <None Include="Shaders\shader.frag">
      <Filter>Source Files\Shaders</Filter>
    </None>
  </ItemGroup>
  <ItemGroup>
    <Image Include="Textures\dirt.jpg">
      <Filter>Source Files\Textures</Filter>
    </Image>
    <Image Include="Textures\rail.jpg">
      <Filter>Source Files\Textures</Filter>
    </Image>
    <Image Include="Textures\trolley.jpg">
      <Filter>Source Files\Textures</Filter>
    </Image>
    <Image Include="Textures\human.jpg">
      <Filter>Source Files\Textures</Filter>
    </Image>
    <Image Include="Textures\rope.jpg">
      <Filter>Source Files\Textures</Filter>
    </Image>
  </ItemGroup>
  <ItemGroup>
    <Object Include="Obj\rope1.obj">
      <Filter>Source Files\OBJ</Filter>
    </Object>
    <Object Include="Obj\trolley_body.obj">
      <Filter>Source Files\OBJ</Filter>
    </Object>
    <Object Include="Obj\wheel1.obj">
      <Filter>Source Files\OBJ</Filter>
    </Object>
    <Object Include="Obj\wheel2.obj">
      <Filter>Source Files\OBJ</Filter>
    </Object>
    <Object Include="Obj\wheel3.obj">
      <Filter>Source Files\OBJ</Filter>
    </Object>
    <Object Include="Obj\wheel4.obj">
      <Filter>Source Files\OBJ</Filter>
    </Object>
    <Object Include="Obj\wheel5.obj">
      <Filter>Source Files\OBJ</Filter>
    </Object>
    <Object Include="Obj\wheel6.obj">
      <Filter>Source Files\OBJ</Filter>
    </Object>
    <Object Include="Obj\human1.obj">
      <Filter>Source Files\OBJ</Filter>
    </Object>
    <Object Include="Obj\human2.obj">
      <Filter>Source Files\OBJ</Filter>
    </Object>
    <Object Include="Obj\human3.obj">
      <Filter>Source Files\OBJ</Filter>
    </Object>
    <Object Include="Obj\human4.obj">
      <Filter>Source Files\OBJ</Filter>
    </Object>
    <Object Include="Obj\human5.obj">
      <Filter>Source Files\OBJ</Filter>
    </Object>
    <Object Include="Obj\human6.obj">
      <Filter>Source Files\OBJ</Filter>
    </Object>
    <Object Include="Obj\human7.obj">
      <Filter>Source Files\OBJ</Filter>
    </Object>
    <Object Include="Obj\leaver.obj">
      <Filter>Source Files\OBJ</Filter>
    </Object>
    <Object Include="Obj\rail1.obj">
      <Filter>Source Files\OBJ</Filter>
    </Object>
    <Object Include="Obj\rail2.obj">
      <Filter>Source Files\OBJ</Filter>
    </Object>
    <Object Include="Obj\rail3.obj">
      <Filter>Source Files\OBJ</Filter>
    </Object>
  </ItemGroup>
  <ItemGroup>
    <Media Include="Music\FreeBird.mp3">
      <Filter>Source Files\Music</Filter>
    </Media>
  </ItemGroup>
</Project>